{
  "name": "tss-grid",
  "version": "0.0.1",
  "lockfileVersion": 1,
  "requires": true,
  "dependencies": {
    "primeng": {
      "version": "6.0.0-alpha.1",
      "resolved": "https://registry.npmjs.org/primeng/-/primeng-6.0.0-alpha.1.tgz",
      "integrity": "sha512-IUM7PS5TBXs/12pcKimHl89ywa/yXIuzKdoQVlisHcCODmBdorFXlfAkFcyN1k7FGYN+gv9kWkhf0zmlCH4BNg=="
    }
  }
}
